
Microsoft Visual Studio Solution File, Format Version 12.00
# Visual Studio Version 16
VisualStudioVersion = 16.0.29326.143
MinimumVisualStudioVersion = 10.0.40219.1
Project("{9A19103F-16F7-4668-BE54-9A1E7A4F7556}") = "Hospital_Microservice", "Hospital_Microservice\Hospital_Microservice.csproj", "{D65FE42A-BA89-4314-B07D-FB6F51D1CFCB}"
EndProject
Project("{9A19103F-16F7-4668-BE54-9A1E7A4F7556}") = "ConsoleApp1", "ConsoleApp1\ConsoleApp1.csproj", "{3894C14C-C28A-4C32-A1DF-CBA1DE169BC2}"
EndProject
Project("{9A19103F-16F7-4668-BE54-9A1E7A4F7556}") = "Donor_Microservice", "Donor_Microservice\Donor_Microservice.csproj", "{BBF9025D-EBC4-4694-9E85-0123E0E31B33}"
EndProject
Project("{9A19103F-16F7-4668-BE54-9A1E7A4F7556}") = "Admin_Microservice", "Admin_Microservice\Admin_Microservice.csproj", "{94FBD1D4-968D-4A56-99E0-67743024904F}"
EndProject
Project("{9A19103F-16F7-4668-BE54-9A1E7A4F7556}") = "API_Gateway", "API_Gateway\API_Gateway.csproj", "{C1624DBB-1490-467F-94F2-F7A56AEA6EB0}"
EndProject
Project("{9A19103F-16F7-4668-BE54-9A1E7A4F7556}") = "Feedback_Microservice", "Feedback_Microservice\Feedback_Microservice.csproj", "{BE912B97-4601-4E04-9536-C1674B270CEE}"
EndProject
Project("{9A19103F-16F7-4668-BE54-9A1E7A4F7556}") = "Notifications_Microservice", "Notifications_Microservice\Notifications_Microservice.csproj", "{EFFF5CDD-D262-491B-9527-6C2AA69C5F6C}"
EndProject
Project("{E24C65DC-7377-472B-9ABA-BC803B73C61A}") = "blood-donation-portal-app", "..\Front-End\blood-donation-portal-app\", "{6B68BC38-E0DD-453F-B265-9C875F03BE97}"
	ProjectSection(WebsiteProperties) = preProject
		TargetFrameworkMoniker = ".NETFramework,Version%3Dv4.0"
		Debug.AspNetCompiler.VirtualPath = "/localhost_61542"
		Debug.AspNetCompiler.PhysicalPath = "..\Front-End\blood-donation-portal-app\"
		Debug.AspNetCompiler.TargetPath = "PrecompiledWeb\localhost_61542\"
		Debug.AspNetCompiler.Updateable = "true"
		Debug.AspNetCompiler.ForceOverwrite = "true"
		Debug.AspNetCompiler.FixedNames = "false"
		Debug.AspNetCompiler.Debug = "True"
		Release.AspNetCompiler.VirtualPath = "/localhost_61542"
		Release.AspNetCompiler.PhysicalPath = "..\Front-End\blood-donation-portal-app\"
		Release.AspNetCompiler.TargetPath = "PrecompiledWeb\localhost_61542\"
		Release.AspNetCompiler.Updateable = "true"
		Release.AspNetCompiler.ForceOverwrite = "true"
		Release.AspNetCompiler.FixedNames = "false"
		Release.AspNetCompiler.Debug = "False"
		VWDPort = "61542"
		SlnRelativePath = "..\Front-End\blood-donation-portal-app\"
	EndProjectSection
EndProject
Global
	GlobalSection(SolutionConfigurationPlatforms) = preSolution
		Debug|Any CPU = Debug|Any CPU
		Release|Any CPU = Release|Any CPU
	EndGlobalSection
	GlobalSection(ProjectConfigurationPlatforms) = postSolution
		{D65FE42A-BA89-4314-B07D-FB6F51D1CFCB}.Debug|Any CPU.ActiveCfg = Debug|Any CPU
		{D65FE42A-BA89-4314-B07D-FB6F51D1CFCB}.Debug|Any CPU.Build.0 = Debug|Any CPU
		{D65FE42A-BA89-4314-B07D-FB6F51D1CFCB}.Release|Any CPU.ActiveCfg = Release|Any CPU
		{D65FE42A-BA89-4314-B07D-FB6F51D1CFCB}.Release|Any CPU.Build.0 = Release|Any CPU
		{3894C14C-C28A-4C32-A1DF-CBA1DE169BC2}.Debug|Any CPU.ActiveCfg = Debug|Any CPU
		{3894C14C-C28A-4C32-A1DF-CBA1DE169BC2}.Debug|Any CPU.Build.0 = Debug|Any CPU
		{3894C14C-C28A-4C32-A1DF-CBA1DE169BC2}.Release|Any CPU.ActiveCfg = Release|Any CPU
		{3894C14C-C28A-4C32-A1DF-CBA1DE169BC2}.Release|Any CPU.Build.0 = Release|Any CPU
		{BBF9025D-EBC4-4694-9E85-0123E0E31B33}.Debug|Any CPU.ActiveCfg = Debug|Any CPU
		{BBF9025D-EBC4-4694-9E85-0123E0E31B33}.Debug|Any CPU.Build.0 = Debug|Any CPU
		{BBF9025D-EBC4-4694-9E85-0123E0E31B33}.Release|Any CPU.ActiveCfg = Release|Any CPU
		{BBF9025D-EBC4-4694-9E85-0123E0E31B33}.Release|Any CPU.Build.0 = Release|Any CPU
		{94FBD1D4-968D-4A56-99E0-67743024904F}.Debug|Any CPU.ActiveCfg = Debug|Any CPU
		{94FBD1D4-968D-4A56-99E0-67743024904F}.Debug|Any CPU.Build.0 = Debug|Any CPU
		{94FBD1D4-968D-4A56-99E0-67743024904F}.Release|Any CPU.ActiveCfg = Release|Any CPU
		{94FBD1D4-968D-4A56-99E0-67743024904F}.Release|Any CPU.Build.0 = Release|Any CPU
		{C1624DBB-1490-467F-94F2-F7A56AEA6EB0}.Debug|Any CPU.ActiveCfg = Debug|Any CPU
		{C1624DBB-1490-467F-94F2-F7A56AEA6EB0}.Debug|Any CPU.Build.0 = Debug|Any CPU
		{C1624DBB-1490-467F-94F2-F7A56AEA6EB0}.Release|Any CPU.ActiveCfg = Release|Any CPU
		{C1624DBB-1490-467F-94F2-F7A56AEA6EB0}.Release|Any CPU.Build.0 = Release|Any CPU
		{BE912B97-4601-4E04-9536-C1674B270CEE}.Debug|Any CPU.ActiveCfg = Debug|Any CPU
		{BE912B97-4601-4E04-9536-C1674B270CEE}.Debug|Any CPU.Build.0 = Debug|Any CPU
		{BE912B97-4601-4E04-9536-C1674B270CEE}.Release|Any CPU.ActiveCfg = Release|Any CPU
		{BE912B97-4601-4E04-9536-C1674B270CEE}.Release|Any CPU.Build.0 = Release|Any CPU
		{EFFF5CDD-D262-491B-9527-6C2AA69C5F6C}.Debug|Any CPU.ActiveCfg = Debug|Any CPU
		{EFFF5CDD-D262-491B-9527-6C2AA69C5F6C}.Debug|Any CPU.Build.0 = Debug|Any CPU
		{EFFF5CDD-D262-491B-9527-6C2AA69C5F6C}.Release|Any CPU.ActiveCfg = Release|Any CPU
		{EFFF5CDD-D262-491B-9527-6C2AA69C5F6C}.Release|Any CPU.Build.0 = Release|Any CPU
		{6B68BC38-E0DD-453F-B265-9C875F03BE97}.Debug|Any CPU.ActiveCfg = Debug|Any CPU
		{6B68BC38-E0DD-453F-B265-9C875F03BE97}.Debug|Any CPU.Build.0 = Debug|Any CPU
		{6B68BC38-E0DD-453F-B265-9C875F03BE97}.Release|Any CPU.ActiveCfg = Debug|Any CPU
		{6B68BC38-E0DD-453F-B265-9C875F03BE97}.Release|Any CPU.Build.0 = Debug|Any CPU
	EndGlobalSection
	GlobalSection(SolutionProperties) = preSolution
		HideSolutionNode = FALSE
	EndGlobalSection
	GlobalSection(ExtensibilityGlobals) = postSolution
		SolutionGuid = {C1BAEED3-30CB-47FF-8699-75533631780F}
	EndGlobalSection
EndGlobal
